// !$*UTF8*$!
{
	archiveVersion = 1;
	classes = {
	};
	objectVersion = 77;
	objects = {

/* Begin PBXContainerItemProxy section */
		D538C2F62CD5ACE700F6FCB6 /* PBXContainerItemProxy */ = {
			isa = PBXContainerItemProxy;
			containerPortal = D538C2DD2CD5ACE500F6FCB6 /* Project object */;
			proxyType = 1;
			remoteGlobalIDString = D538C2E42CD5ACE500F6FCB6;
			remoteInfo = CelebrityTweets;
		};
		D538C3002CD5ACE700F6FCB6 /* PBXContainerItemProxy */ = {
			isa = PBXContainerItemProxy;
			containerPortal = D538C2DD2CD5ACE500F6FCB6 /* Project object */;
			proxyType = 1;
			remoteGlobalIDString = D538C2E42CD5ACE500F6FCB6;
			remoteInfo = CelebrityTweets;
		};
/* End PBXContainerItemProxy section */

/* Begin PBXFileReference section */
		D538C2E52CD5ACE500F6FCB6 /* CelebrityTweets.app */ = {isa = PBXFileReference; explicitFileType = wrapper.application; includeInIndex = 0; path = CelebrityTweets.app; sourceTree = BUILT_PRODUCTS_DIR; };
		D538C2F52CD5ACE700F6FCB6 /* CelebrityTweetsTests.xctest */ = {isa = PBXFileReference; explicitFileType = wrapper.cfbundle; includeInIndex = 0; path = CelebrityTweetsTests.xctest; sourceTree = BUILT_PRODUCTS_DIR; };
		D538C2FF2CD5ACE700F6FCB6 /* CelebrityTweetsUITests.xctest */ = {isa = PBXFileReference; explicitFileType = wrapper.cfbundle; includeInIndex = 0; path = CelebrityTweetsUITests.xctest; sourceTree = BUILT_PRODUCTS_DIR; };
/* End PBXFileReference section */

/* Begin PBXFileSystemSynchronizedBuildFileExceptionSet section */
		D538C3C92CD5CD2600F6FCB6 /* Exceptions for "CelebrityTweets" folder in "CelebrityTweets" target */ = {
			isa = PBXFileSystemSynchronizedBuildFileExceptionSet;
			membershipExceptions = (
				Info.plist,
				"Resources/Anton,IBM_Plex_Mono/IBM_Plex_Mono/OFL.txt",
			);
			target = D538C2E42CD5ACE500F6FCB6 /* CelebrityTweets */;
		};
/* End PBXFileSystemSynchronizedBuildFileExceptionSet section */

/* Begin PBXFileSystemSynchronizedRootGroup section */
		D538C2E72CD5ACE500F6FCB6 /* CelebrityTweets */ = {
			isa = PBXFileSystemSynchronizedRootGroup;
			exceptions = (
				D538C3C92CD5CD2600F6FCB6 /* Exceptions for "CelebrityTweets" folder in "CelebrityTweets" target */,
			);
			path = CelebrityTweets;
			sourceTree = "<group>";
		};
		D538C2F82CD5ACE700F6FCB6 /* CelebrityTweetsTests */ = {
			isa = PBXFileSystemSynchronizedRootGroup;
			path = CelebrityTweetsTests;
			sourceTree = "<group>";
		};
		D538C3022CD5ACE700F6FCB6 /* CelebrityTweetsUITests */ = {
			isa = PBXFileSystemSynchronizedRootGroup;
			path = CelebrityTweetsUITests;
			sourceTree = "<group>";
		};
/* End PBXFileSystemSynchronizedRootGroup section */

/* Begin PBXFrameworksBuildPhase section */
		D538C2E22CD5ACE500F6FCB6 /* Frameworks */ = {
			isa = PBXFrameworksBuildPhase;
			buildActionMask = 2147483647;
			files = (
			);
			runOnlyForDeploymentPostprocessing = 0;
		};
		D538C2F22CD5ACE700F6FCB6 /* Frameworks */ = {
			isa = PBXFrameworksBuildPhase;
			buildActionMask = 2147483647;
			files = (
			);
			runOnlyForDeploymentPostprocessing = 0;
		};
		D538C2FC2CD5ACE700F6FCB6 /* Frameworks */ = {
			isa = PBXFrameworksBuildPhase;
			buildActionMask = 2147483647;
			files = (
			);
			runOnlyForDeploymentPostprocessing = 0;
		};
/* End PBXFrameworksBuildPhase section */

/* Begin PBXGroup section */
		D538C2DC2CD5ACE500F6FCB6 = {
			isa = PBXGroup;
			children = (
				D538C2E72CD5ACE500F6FCB6 /* CelebrityTweets */,
				D538C2F82CD5ACE700F6FCB6 /* CelebrityTweetsTests */,
				D538C3022CD5ACE700F6FCB6 /* CelebrityTweetsUITests */,
				D538C2E62CD5ACE500F6FCB6 /* Products */,
			);
			sourceTree = "<group>";
		};
		D538C2E62CD5ACE500F6FCB6 /* Products */ = {
			isa = PBXGroup;
			children = (
				D538C2E52CD5ACE500F6FCB6 /* CelebrityTweets.app */,
				D538C2F52CD5ACE700F6FCB6 /* CelebrityTweetsTests.xctest */,
				D538C2FF2CD5ACE700F6FCB6 /* CelebrityTweetsUITests.xctest */,
			);
			name = Products;
			sourceTree = "<group>";
		};
/* End PBXGroup section */

/* Begin PBXNativeTarget section */
		D538C2E42CD5ACE500F6FCB6 /* CelebrityTweets */ = {
			isa = PBXNativeTarget;
			buildConfigurationList = D538C3092CD5ACE700F6FCB6 /* Build configuration list for PBXNativeTarget "CelebrityTweets" */;
			buildPhases = (
				D538C2E12CD5ACE500F6FCB6 /* Sources */,
				D538C2E22CD5ACE500F6FCB6 /* Frameworks */,
				D538C2E32CD5ACE500F6FCB6 /* Resources */,
			);
			buildRules = (
			);
			dependencies = (
			);
			fileSystemSynchronizedGroups = (
				D538C2E72CD5ACE500F6FCB6 /* CelebrityTweets */,
			);
			name = CelebrityTweets;
			packageProductDependencies = (
			);
			productName = CelebrityTweets;
			productReference = D538C2E52CD5ACE500F6FCB6 /* CelebrityTweets.app */;
			productType = "com.apple.product-type.application";
		};
		D538C2F42CD5ACE700F6FCB6 /* CelebrityTweetsTests */ = {
			isa = PBXNativeTarget;
			buildConfigurationList = D538C30C2CD5ACE700F6FCB6 /* Build configuration list for PBXNativeTarget "CelebrityTweetsTests" */;
			buildPhases = (
				D538C2F12CD5ACE700F6FCB6 /* Sources */,
				D538C2F22CD5ACE700F6FCB6 /* Frameworks */,
				D538C2F32CD5ACE700F6FCB6 /* Resources */,
			);
			buildRules = (
			);
			dependencies = (
				D538C2F72CD5ACE700F6FCB6 /* PBXTargetDependency */,
			);
			fileSystemSynchronizedGroups = (
				D538C2F82CD5ACE700F6FCB6 /* CelebrityTweetsTests */,
			);
			name = CelebrityTweetsTests;
			packageProductDependencies = (
			);
			productName = CelebrityTweetsTests;
			productReference = D538C2F52CD5ACE700F6FCB6 /* CelebrityTweetsTests.xctest */;
			productType = "com.apple.product-type.bundle.unit-test";
		};
		D538C2FE2CD5ACE700F6FCB6 /* CelebrityTweetsUITests */ = {
			isa = PBXNativeTarget;
			buildConfigurationList = D538C30F2CD5ACE700F6FCB6 /* Build configuration list for PBXNativeTarget "CelebrityTweetsUITests" */;
			buildPhases = (
				D538C2FB2CD5ACE700F6FCB6 /* Sources */,
				D538C2FC2CD5ACE700F6FCB6 /* Frameworks */,
				D538C2FD2CD5ACE700F6FCB6 /* Resources */,
			);
			buildRules = (
			);
			dependencies = (
				D538C3012CD5ACE700F6FCB6 /* PBXTargetDependency */,
			);
			fileSystemSynchronizedGroups = (
				D538C3022CD5ACE700F6FCB6 /* CelebrityTweetsUITests */,
			);
			name = CelebrityTweetsUITests;
			packageProductDependencies = (
			);
			productName = CelebrityTweetsUITests;
			productReference = D538C2FF2CD5ACE700F6FCB6 /* CelebrityTweetsUITests.xctest */;
			productType = "com.apple.product-type.bundle.ui-testing";
		};
/* End PBXNativeTarget section */

/* Begin PBXProject section */
		D538C2DD2CD5ACE500F6FCB6 /* Project object */ = {
			isa = PBXProject;
			attributes = {
				BuildIndependentTargetsInParallel = 1;
				LastSwiftUpdateCheck = 1600;
				LastUpgradeCheck = 1600;
				TargetAttributes = {
					D538C2E42CD5ACE500F6FCB6 = {
						CreatedOnToolsVersion = 16.0;
					};
					D538C2F42CD5ACE700F6FCB6 = {
						CreatedOnToolsVersion = 16.0;
						TestTargetID = D538C2E42CD5ACE500F6FCB6;
					};
					D538C2FE2CD5ACE700F6FCB6 = {
						CreatedOnToolsVersion = 16.0;
						TestTargetID = D538C2E42CD5ACE500F6FCB6;
					};
				};
			};
			buildConfigurationList = D538C2E02CD5ACE500F6FCB6 /* Build configuration list for PBXProject "CelebrityTweets" */;
			developmentRegion = en;
			hasScannedForEncodings = 0;
			knownRegions = (
				en,
				Base,
			);
			mainGroup = D538C2DC2CD5ACE500F6FCB6;
			minimizedProjectReferenceProxies = 1;
			preferredProjectObjectVersion = 77;
			productRefGroup = D538C2E62CD5ACE500F6FCB6 /* Products */;
			projectDirPath = "";
			projectRoot = "";
			targets = (
				D538C2E42CD5ACE500F6FCB6 /* CelebrityTweets */,
				D538C2F42CD5ACE700F6FCB6 /* CelebrityTweetsTests */,
				D538C2FE2CD5ACE700F6FCB6 /* CelebrityTweetsUITests */,
			);
		};
/* End PBXProject section */

/* Begin PBXResourcesBuildPhase section */
		D538C2E32CD5ACE500F6FCB6 /* Resources */ = {
			isa = PBXResourcesBuildPhase;
			buildActionMask = 2147483647;
			files = (
			);
			runOnlyForDeploymentPostprocessing = 0;
		};
		D538C2F32CD5ACE700F6FCB6 /* Resources */ = {
			isa = PBXResourcesBuildPhase;
			buildActionMask = 2147483647;
			files = (
			);
			runOnlyForDeploymentPostprocessing = 0;
		};
		D538C2FD2CD5ACE700F6FCB6 /* Resources */ = {
			isa = PBXResourcesBuildPhase;
			buildActionMask = 2147483647;
			files = (
			);
			runOnlyForDeploymentPostprocessing = 0;
		};
/* End PBXResourcesBuildPhase section */

/* Begin PBXSourcesBuildPhase section */
		D538C2E12CD5ACE500F6FCB6 /* Sources */ = {
			isa = PBXSourcesBuildPhase;
			buildActionMask = 2147483647;
			files = (
			);
			runOnlyForDeploymentPostprocessing = 0;
		};
		D538C2F12CD5ACE700F6FCB6 /* Sources */ = {
			isa = PBXSourcesBuildPhase;
			buildActionMask = 2147483647;
			files = (
			);
			runOnlyForDeploymentPostprocessing = 0;
		};
		D538C2FB2CD5ACE700F6FCB6 /* Sources */ = {
			isa = PBXSourcesBuildPhase;
			buildActionMask = 2147483647;
			files = (
			);
			runOnlyForDeploymentPostprocessing = 0;
		};
/* End PBXSourcesBuildPhase section */

/* Begin PBXTargetDependency section */
		D538C2F72CD5ACE700F6FCB6 /* PBXTargetDependency */ = {
			isa = PBXTargetDependency;
			target = D538C2E42CD5ACE500F6FCB6 /* CelebrityTweets */;
			targetProxy = D538C2F62CD5ACE700F6FCB6 /* PBXContainerItemProxy */;
		};
		D538C3012CD5ACE700F6FCB6 /* PBXTargetDependency */ = {
			isa = PBXTargetDependency;
			target = D538C2E42CD5ACE500F6FCB6 /* CelebrityTweets */;
			targetProxy = D538C3002CD5ACE700F6FCB6 /* PBXContainerItemProxy */;
		};
/* End PBXTargetDependency section */

/* Begin XCBuildConfiguration section */
		D538C3072CD5ACE700F6FCB6 /* Debug */ = {
			isa = XCBuildConfiguration;
			buildSettings = {
				ALWAYS_SEARCH_USER_PATHS = NO;
				ASSETCATALOG_COMPILER_GENERATE_SWIFT_ASSET_SYMBOL_EXTENSIONS = YES;
				CLANG_ANALYZER_NONNULL = YES;
				CLANG_ANALYZER_NUMBER_OBJECT_CONVERSION = YES_AGGRESSIVE;
				CLANG_CXX_LANGUAGE_STANDARD = "gnu++20";
				CLANG_ENABLE_MODULES = YES;
				CLANG_ENABLE_OBJC_ARC = YES;
				CLANG_ENABLE_OBJC_WEAK = YES;
				CLANG_WARN_BLOCK_CAPTURE_AUTORELEASING = YES;
				CLANG_WARN_BOOL_CONVERSION = YES;
				CLANG_WARN_COMMA = YES;
				CLANG_WARN_CONSTANT_CONVERSION = YES;
				CLANG_WARN_DEPRECATED_OBJC_IMPLEMENTATIONS = YES;
				CLANG_WARN_DIRECT_OBJC_ISA_USAGE = YES_ERROR;
				CLANG_WARN_DOCUMENTATION_COMMENTS = YES;
				CLANG_WARN_EMPTY_BODY = YES;
				CLANG_WARN_ENUM_CONVERSION = YES;
				CLANG_WARN_INFINITE_RECURSION = YES;
				CLANG_WARN_INT_CONVERSION = YES;
				CLANG_WARN_NON_LITERAL_NULL_CONVERSION = YES;
				CLANG_WARN_OBJC_IMPLICIT_RETAIN_SELF = YES;
				CLANG_WARN_OBJC_LITERAL_CONVERSION = YES;
				CLANG_WARN_OBJC_ROOT_CLASS = YES_ERROR;
				CLANG_WARN_QUOTED_INCLUDE_IN_FRAMEWORK_HEADER = YES;
				CLANG_WARN_RANGE_LOOP_ANALYSIS = YES;
				CLANG_WARN_STRICT_PROTOTYPES = YES;
				CLANG_WARN_SUSPICIOUS_MOVE = YES;
				CLANG_WARN_UNGUARDED_AVAILABILITY = YES_AGGRESSIVE;
				CLANG_WARN_UNREACHABLE_CODE = YES;
				CLANG_WARN__DUPLICATE_METHOD_MATCH = YES;
				COPY_PHASE_STRIP = NO;
				DEBUG_INFORMATION_FORMAT = dwarf;
				ENABLE_STRICT_OBJC_MSGSEND = YES;
				ENABLE_TESTABILITY = YES;
				ENABLE_USER_SCRIPT_SANDBOXING = YES;
				GCC_C_LANGUAGE_STANDARD = gnu17;
				GCC_DYNAMIC_NO_PIC = NO;
				GCC_NO_COMMON_BLOCKS = YES;
				GCC_OPTIMIZATION_LEVEL = 0;
				GCC_PREPROCESSOR_DEFINITIONS = (
					"DEBUG=1",
					"$(inherited)",
				);
				GCC_WARN_64_TO_32_BIT_CONVERSION = YES;
				GCC_WARN_ABOUT_RETURN_TYPE = YES_ERROR;
				GCC_WARN_UNDECLARED_SELECTOR = YES;
				GCC_WARN_UNINITIALIZED_AUTOS = YES_AGGRESSIVE;
				GCC_WARN_UNUSED_FUNCTION = YES;
				GCC_WARN_UNUSED_VARIABLE = YES;
				IPHONEOS_DEPLOYMENT_TARGET = 18.0;
				LOCALIZATION_PREFERS_STRING_CATALOGS = YES;
				MTL_ENABLE_DEBUG_INFO = INCLUDE_SOURCE;
				MTL_FAST_MATH = YES;
				ONLY_ACTIVE_ARCH = YES;
				SDKROOT = iphoneos;
				SWIFT_ACTIVE_COMPILATION_CONDITIONS = "DEBUG $(inherited)";
				SWIFT_OPTIMIZATION_LEVEL = "-Onone";
			};
			name = Debug;
		};
		D538C3082CD5ACE700F6FCB6 /* Release */ = {
			isa = XCBuildConfiguration;
			buildSettings = {
				ALWAYS_SEARCH_USER_PATHS = NO;
				ASSETCATALOG_COMPILER_GENERATE_SWIFT_ASSET_SYMBOL_EXTENSIONS = YES;
				CLANG_ANALYZER_NONNULL = YES;
				CLANG_ANALYZER_NUMBER_OBJECT_CONVERSION = YES_AGGRESSIVE;
				CLANG_CXX_LANGUAGE_STANDARD = "gnu++20";
				CLANG_ENABLE_MODULES = YES;
				CLANG_ENABLE_OBJC_ARC = YES;
				CLANG_ENABLE_OBJC_WEAK = YES;
				CLANG_WARN_BLOCK_CAPTURE_AUTORELEASING = YES;
				CLANG_WARN_BOOL_CONVERSION = YES;
				CLANG_WARN_COMMA = YES;
				CLANG_WARN_CONSTANT_CONVERSION = YES;
				CLANG_WARN_DEPRECATED_OBJC_IMPLEMENTATIONS = YES;
				CLANG_WARN_DIRECT_OBJC_ISA_USAGE = YES_ERROR;
				CLANG_WARN_DOCUMENTATION_COMMENTS = YES;
				CLANG_WARN_EMPTY_BODY = YES;
				CLANG_WARN_ENUM_CONVERSION = YES;
				CLANG_WARN_INFINITE_RECURSION = YES;
				CLANG_WARN_INT_CONVERSION = YES;
				CLANG_WARN_NON_LITERAL_NULL_CONVERSION = YES;
				CLANG_WARN_OBJC_IMPLICIT_RETAIN_SELF = YES;
				CLANG_WARN_OBJC_LITERAL_CONVERSION = YES;
				CLANG_WARN_OBJC_ROOT_CLASS = YES_ERROR;
				CLANG_WARN_QUOTED_INCLUDE_IN_FRAMEWORK_HEADER = YES;
				CLANG_WARN_RANGE_LOOP_ANALYSIS = YES;
				CLANG_WARN_STRICT_PROTOTYPES = YES;
				CLANG_WARN_SUSPICIOUS_MOVE = YES;
				CLANG_WARN_UNGUARDED_AVAILABILITY = YES_AGGRESSIVE;
				CLANG_WARN_UNREACHABLE_CODE = YES;
				CLANG_WARN__DUPLICATE_METHOD_MATCH = YES;
				COPY_PHASE_STRIP = NO;
				DEBUG_INFORMATION_FORMAT = "dwarf-with-dsym";
				ENABLE_NS_ASSERTIONS = NO;
				ENABLE_STRICT_OBJC_MSGSEND = YES;
				ENABLE_USER_SCRIPT_SANDBOXING = YES;
				GCC_C_LANGUAGE_STANDARD = gnu17;
				GCC_NO_COMMON_BLOCKS = YES;
				GCC_WARN_64_TO_32_BIT_CONVERSION = YES;
				GCC_WARN_ABOUT_RETURN_TYPE = YES_ERROR;
				GCC_WARN_UNDECLARED_SELECTOR = YES;
				GCC_WARN_UNINITIALIZED_AUTOS = YES_AGGRESSIVE;
				GCC_WARN_UNUSED_FUNCTION = YES;
				GCC_WARN_UNUSED_VARIABLE = YES;
				IPHONEOS_DEPLOYMENT_TARGET = 18.0;
				LOCALIZATION_PREFERS_STRING_CATALOGS = YES;
				MTL_ENABLE_DEBUG_INFO = NO;
				MTL_FAST_MATH = YES;
				SDKROOT = iphoneos;
				SWIFT_COMPILATION_MODE = wholemodule;
				VALIDATE_PRODUCT = YES;
			};
			name = Release;
		};
		D538C30A2CD5ACE700F6FCB6 /* Debug */ = {
			isa = XCBuildConfiguration;
			buildSettings = {
				ASSETCATALOG_COMPILER_APPICON_NAME = AppIcon;
				ASSETCATALOG_COMPILER_GLOBAL_ACCENT_COLOR_NAME = AccentColor;
				CODE_SIGN_STYLE = Automatic;
				CURRENT_PROJECT_VERSION = 1;
				DEVELOPMENT_ASSET_PATHS = "\"CelebrityTweets/Preview Content\"";
				ENABLE_PREVIEWS = YES;
				GENERATE_INFOPLIST_FILE = YES;
				INFOPLIST_KEY_UIApplicationSceneManifest_Generation = YES;
				INFOPLIST_KEY_UIApplicationSupportsIndirectInputEvents = YES;
				INFOPLIST_KEY_UILaunchScreen_Generation = YES;
				INFOPLIST_KEY_UISupportedInterfaceOrientations_iPad = "UIInterfaceOrientationPortrait UIInterfaceOrientationPortraitUpsideDown UIInterfaceOrientationLandscapeLeft UIInterfaceOrientationLandscapeRight";
				INFOPLIST_KEY_UISupportedInterfaceOrientations_iPhone = "UIInterfaceOrientationPortrait UIInterfaceOrientationLandscapeLeft UIInterfaceOrientationLandscapeRight";
				LD_RUNPATH_SEARCH_PATHS = (
					"$(inherited)",
					"@executable_path/Frameworks",
				);
				MARKETING_VERSION = 1.0;
				PRODUCT_BUNDLE_IDENTIFIER = com.mercuryatom.CelebrityTweets;
				PRODUCT_NAME = "$(TARGET_NAME)";
				SWIFT_EMIT_LOC_STRINGS = YES;
				SWIFT_VERSION = 5.0;
				TARGETED_DEVICE_FAMILY = "1,2";
			};
			name = Debug;
		};
		D538C30B2CD5ACE700F6FCB6 /* Release */ = {
			isa = XCBuildConfiguration;
			buildSettings = {
				ASSETCATALOG_COMPILER_APPICON_NAME = AppIcon;
				ASSETCATALOG_COMPILER_GLOBAL_ACCENT_COLOR_NAME = AccentColor;
				CODE_SIGN_STYLE = Automatic;
				CURRENT_PROJECT_VERSION = 1;
				DEVELOPMENT_ASSET_PATHS = "\"CelebrityTweets/Preview Content\"";
				ENABLE_PREVIEWS = YES;
				GENERATE_INFOPLIST_FILE = YES;
				INFOPLIST_KEY_UIApplicationSceneManifest_Generation = YES;
				INFOPLIST_KEY_UIApplicationSupportsIndirectInputEvents = YES;
				INFOPLIST_KEY_UILaunchScreen_Generation = YES;
				INFOPLIST_KEY_UISupportedInterfaceOrientations_iPad = "UIInterfaceOrientationPortrait UIInterfaceOrientationPortraitUpsideDown UIInterfaceOrientationLandscapeLeft UIInterfaceOrientationLandscapeRight";
				INFOPLIST_KEY_UISupportedInterfaceOrientations_iPhone = "UIInterfaceOrientationPortrait UIInterfaceOrientationLandscapeLeft UIInterfaceOrientationLandscapeRight";
				LD_RUNPATH_SEARCH_PATHS = (
					"$(inherited)",
					"@executable_path/Frameworks",
				);
				MARKETING_VERSION = 1.0;
				PRODUCT_BUNDLE_IDENTIFIER = com.mercuryatom.CelebrityTweets;
				PRODUCT_NAME = "$(TARGET_NAME)";
				SWIFT_EMIT_LOC_STRINGS = YES;
				SWIFT_VERSION = 5.0;
				TARGETED_DEVICE_FAMILY = "1,2";
			};
			name = Release;
		};
		D538C30D2CD5ACE700F6FCB6 /* Debug */ = {
			isa = XCBuildConfiguration;
			buildSettings = {
				BUNDLE_LOADER = "$(TEST_HOST)";
				CODE_SIGN_STYLE = Automatic;
				CURRENT_PROJECT_VERSION = 1;
				GENERATE_INFOPLIST_FILE = YES;
				IPHONEOS_DEPLOYMENT_TARGET = 18.0;
				MARKETING_VERSION = 1.0;
				PRODUCT_BUNDLE_IDENTIFIER = com.mercuryatom.CelebrityTweetsTests;
				PRODUCT_NAME = "$(TARGET_NAME)";
				SWIFT_EMIT_LOC_STRINGS = NO;
				SWIFT_VERSION = 5.0;
				TARGETED_DEVICE_FAMILY = "1,2";
				TEST_HOST = "$(BUILT_PRODUCTS_DIR)/CelebrityTweets.app/$(BUNDLE_EXECUTABLE_FOLDER_PATH)/CelebrityTweets";
			};
			name = Debug;
		};
		D538C30E2CD5ACE700F6FCB6 /* Release */ = {
			isa = XCBuildConfiguration;
			buildSettings = {
				BUNDLE_LOADER = "$(TEST_HOST)";
				CODE_SIGN_STYLE = Automatic;
				CURRENT_PROJECT_VERSION = 1;
				GENERATE_INFOPLIST_FILE = YES;
				IPHONEOS_DEPLOYMENT_TARGET = 18.0;
				MARKETING_VERSION = 1.0;
				PRODUCT_BUNDLE_IDENTIFIER = com.mercuryatom.CelebrityTweetsTests;
				PRODUCT_NAME = "$(TARGET_NAME)";
				SWIFT_EMIT_LOC_STRINGS = NO;
				SWIFT_VERSION = 5.0;
				TARGETED_DEVICE_FAMILY = "1,2";
				TEST_HOST = "$(BUILT_PRODUCTS_DIR)/CelebrityTweets.app/$(BUNDLE_EXECUTABLE_FOLDER_PATH)/CelebrityTweets";
			};
			name = Release;
		};
		D538C3102CD5ACE700F6FCB6 /* Debug */ = {
			isa = XCBuildConfiguration;
			buildSettings = {
				CODE_SIGN_STYLE = Automatic;
				CURRENT_PROJECT_VERSION = 1;
				GENERATE_INFOPLIST_FILE = YES;
				MARKETING_VERSION = 1.0;
				PRODUCT_BUNDLE_IDENTIFIER = com.mercuryatom.CelebrityTweetsUITests;
				PRODUCT_NAME = "$(TARGET_NAME)";
				SWIFT_EMIT_LOC_STRINGS = NO;
				SWIFT_VERSION = 5.0;
				TARGETED_DEVICE_FAMILY = "1,2";
				TEST_TARGET_NAME = CelebrityTweets;
			};
			name = Debug;
		};
		D538C3112CD5ACE700F6FCB6 /* Release */ = {
			isa = XCBuildConfiguration;
			buildSettings = {
				CODE_SIGN_STYLE = Automatic;
				CURRENT_PROJECT_VERSION = 1;
				GENERATE_INFOPLIST_FILE = YES;
				MARKETING_VERSION = 1.0;
				PRODUCT_BUNDLE_IDENTIFIER = com.mercuryatom.CelebrityTweetsUITests;
				PRODUCT_NAME = "$(TARGET_NAME)";
				SWIFT_EMIT_LOC_STRINGS = NO;
				SWIFT_VERSION = 5.0;
				TARGETED_DEVICE_FAMILY = "1,2";
				TEST_TARGET_NAME = CelebrityTweets;
			};
			name = Release;
		};
/* End XCBuildConfiguration section */

/* Begin XCConfigurationList section */
		D538C2E02CD5ACE500F6FCB6 /* Build configuration list for PBXProject "CelebrityTweets" */ = {
			isa = XCConfigurationList;
			buildConfigurations = (
				D538C3072CD5ACE700F6FCB6 /* Debug */,
				D538C3082CD5ACE700F6FCB6 /* Release */,
			);
			defaultConfigurationIsVisible = 0;
			defaultConfigurationName = Release;
		};
		D538C3092CD5ACE700F6FCB6 /* Build configuration list for PBXNativeTarget "CelebrityTweets" */ = {
			isa = XCConfigurationList;
			buildConfigurations = (
				D538C30A2CD5ACE700F6FCB6 /* Debug */,
				D538C30B2CD5ACE700F6FCB6 /* Release */,
			);
			defaultConfigurationIsVisible = 0;
			defaultConfigurationName = Release;
		};
		D538C30C2CD5ACE700F6FCB6 /* Build configuration list for PBXNativeTarget "CelebrityTweetsTests" */ = {
			isa = XCConfigurationList;
			buildConfigurations = (
				D538C30D2CD5ACE700F6FCB6 /* Debug */,
				D538C30E2CD5ACE700F6FCB6 /* Release */,
			);
			defaultConfigurationIsVisible = 0;
			defaultConfigurationName = Release;
		};
		D538C30F2CD5ACE700F6FCB6 /* Build configuration list for PBXNativeTarget "CelebrityTweetsUITests" */ = {
			isa = XCConfigurationList;
			buildConfigurations = (
				D538C3102CD5ACE700F6FCB6 /* Debug */,
				D538C3112CD5ACE700F6FCB6 /* Release */,
			);
			defaultConfigurationIsVisible = 0;
			defaultConfigurationName = Release;
		};
/* End XCConfigurationList section */
	};
	rootObject = D538C2DD2CD5ACE500F6FCB6 /* Project object */;
}
