// !$*UTF8*$!
{
	archiveVersion = 1;
	classes = {
	};
	objectVersion = 77;
	objects = {

/* Begin PBXContainerItemProxy section */
		D5777AEA2CD0830300A6D8F0 /* PBXContainerItemProxy */ = {
			isa = PBXContainerItemProxy;
			containerPortal = D5777AD12CD0830100A6D8F0 /* Project object */;
			proxyType = 1;
			remoteGlobalIDString = D5777AD82CD0830100A6D8F0;
			remoteInfo = EcoExplorer;
		};
		D5777AF42CD0830300A6D8F0 /* PBXContainerItemProxy */ = {
			isa = PBXContainerItemProxy;
			containerPortal = D5777AD12CD0830100A6D8F0 /* Project object */;
			proxyType = 1;
			remoteGlobalIDString = D5777AD82CD0830100A6D8F0;
			remoteInfo = EcoExplorer;
		};
/* End PBXContainerItemProxy section */

/* Begin PBXFileReference section */
		D5777AD92CD0830100A6D8F0 /* EcoExplorer.app */ = {isa = PBXFileReference; explicitFileType = wrapper.application; includeInIndex = 0; path = EcoExplorer.app; sourceTree = BUILT_PRODUCTS_DIR; };
		D5777AE92CD0830300A6D8F0 /* EcoExplorerTests.xctest */ = {isa = PBXFileReference; explicitFileType = wrapper.cfbundle; includeInIndex = 0; path = EcoExplorerTests.xctest; sourceTree = BUILT_PRODUCTS_DIR; };
		D5777AF32CD0830300A6D8F0 /* EcoExplorerUITests.xctest */ = {isa = PBXFileReference; explicitFileType = wrapper.cfbundle; includeInIndex = 0; path = EcoExplorerUITests.xctest; sourceTree = BUILT_PRODUCTS_DIR; };
/* End PBXFileReference section */

/* Begin PBXFileSystemSynchronizedRootGroup section */
		D5777ADB2CD0830100A6D8F0 /* EcoExplorer */ = {
			isa = PBXFileSystemSynchronizedRootGroup;
			path = EcoExplorer;
			sourceTree = "<group>";
		};
		D5777AEC2CD0830300A6D8F0 /* EcoExplorerTests */ = {
			isa = PBXFileSystemSynchronizedRootGroup;
			path = EcoExplorerTests;
			sourceTree = "<group>";
		};
		D5777AF62CD0830300A6D8F0 /* EcoExplorerUITests */ = {
			isa = PBXFileSystemSynchronizedRootGroup;
			path = EcoExplorerUITests;
			sourceTree = "<group>";
		};
/* End PBXFileSystemSynchronizedRootGroup section */

/* Begin PBXFrameworksBuildPhase section */
		D5777AD62CD0830100A6D8F0 /* Frameworks */ = {
			isa = PBXFrameworksBuildPhase;
			buildActionMask = 2147483647;
			files = (
			);
			runOnlyForDeploymentPostprocessing = 0;
		};
		D5777AE62CD0830300A6D8F0 /* Frameworks */ = {
			isa = PBXFrameworksBuildPhase;
			buildActionMask = 2147483647;
			files = (
			);
			runOnlyForDeploymentPostprocessing = 0;
		};
		D5777AF02CD0830300A6D8F0 /* Frameworks */ = {
			isa = PBXFrameworksBuildPhase;
			buildActionMask = 2147483647;
			files = (
			);
			runOnlyForDeploymentPostprocessing = 0;
		};
/* End PBXFrameworksBuildPhase section */

/* Begin PBXGroup section */
		D5777AD02CD0830100A6D8F0 = {
			isa = PBXGroup;
			children = (
				D5777ADB2CD0830100A6D8F0 /* EcoExplorer */,
				D5777AEC2CD0830300A6D8F0 /* EcoExplorerTests */,
				D5777AF62CD0830300A6D8F0 /* EcoExplorerUITests */,
				D5777ADA2CD0830100A6D8F0 /* Products */,
			);
			sourceTree = "<group>";
		};
		D5777ADA2CD0830100A6D8F0 /* Products */ = {
			isa = PBXGroup;
			children = (
				D5777AD92CD0830100A6D8F0 /* EcoExplorer.app */,
				D5777AE92CD0830300A6D8F0 /* EcoExplorerTests.xctest */,
				D5777AF32CD0830300A6D8F0 /* EcoExplorerUITests.xctest */,
			);
			name = Products;
			sourceTree = "<group>";
		};
/* End PBXGroup section */

/* Begin PBXNativeTarget section */
		D5777AD82CD0830100A6D8F0 /* EcoExplorer */ = {
			isa = PBXNativeTarget;
			buildConfigurationList = D5777AFD2CD0830300A6D8F0 /* Build configuration list for PBXNativeTarget "EcoExplorer" */;
			buildPhases = (
				D5777AD52CD0830100A6D8F0 /* Sources */,
				D5777AD62CD0830100A6D8F0 /* Frameworks */,
				D5777AD72CD0830100A6D8F0 /* Resources */,
			);
			buildRules = (
			);
			dependencies = (
			);
			fileSystemSynchronizedGroups = (
				D5777ADB2CD0830100A6D8F0 /* EcoExplorer */,
			);
			name = EcoExplorer;
			packageProductDependencies = (
			);
			productName = EcoExplorer;
			productReference = D5777AD92CD0830100A6D8F0 /* EcoExplorer.app */;
			productType = "com.apple.product-type.application";
		};
		D5777AE82CD0830300A6D8F0 /* EcoExplorerTests */ = {
			isa = PBXNativeTarget;
			buildConfigurationList = D5777B002CD0830300A6D8F0 /* Build configuration list for PBXNativeTarget "EcoExplorerTests" */;
			buildPhases = (
				D5777AE52CD0830300A6D8F0 /* Sources */,
				D5777AE62CD0830300A6D8F0 /* Frameworks */,
				D5777AE72CD0830300A6D8F0 /* Resources */,
			);
			buildRules = (
			);
			dependencies = (
				D5777AEB2CD0830300A6D8F0 /* PBXTargetDependency */,
			);
			fileSystemSynchronizedGroups = (
				D5777AEC2CD0830300A6D8F0 /* EcoExplorerTests */,
			);
			name = EcoExplorerTests;
			packageProductDependencies = (
			);
			productName = EcoExplorerTests;
			productReference = D5777AE92CD0830300A6D8F0 /* EcoExplorerTests.xctest */;
			productType = "com.apple.product-type.bundle.unit-test";
		};
		D5777AF22CD0830300A6D8F0 /* EcoExplorerUITests */ = {
			isa = PBXNativeTarget;
			buildConfigurationList = D5777B032CD0830300A6D8F0 /* Build configuration list for PBXNativeTarget "EcoExplorerUITests" */;
			buildPhases = (
				D5777AEF2CD0830300A6D8F0 /* Sources */,
				D5777AF02CD0830300A6D8F0 /* Frameworks */,
				D5777AF12CD0830300A6D8F0 /* Resources */,
			);
			buildRules = (
			);
			dependencies = (
				D5777AF52CD0830300A6D8F0 /* PBXTargetDependency */,
			);
			fileSystemSynchronizedGroups = (
				D5777AF62CD0830300A6D8F0 /* EcoExplorerUITests */,
			);
			name = EcoExplorerUITests;
			packageProductDependencies = (
			);
			productName = EcoExplorerUITests;
			productReference = D5777AF32CD0830300A6D8F0 /* EcoExplorerUITests.xctest */;
			productType = "com.apple.product-type.bundle.ui-testing";
		};
/* End PBXNativeTarget section */

/* Begin PBXProject section */
		D5777AD12CD0830100A6D8F0 /* Project object */ = {
			isa = PBXProject;
			attributes = {
				BuildIndependentTargetsInParallel = 1;
				LastSwiftUpdateCheck = 1600;
				LastUpgradeCheck = 1600;
				TargetAttributes = {
					D5777AD82CD0830100A6D8F0 = {
						CreatedOnToolsVersion = 16.0;
					};
					D5777AE82CD0830300A6D8F0 = {
						CreatedOnToolsVersion = 16.0;
						TestTargetID = D5777AD82CD0830100A6D8F0;
					};
					D5777AF22CD0830300A6D8F0 = {
						CreatedOnToolsVersion = 16.0;
						TestTargetID = D5777AD82CD0830100A6D8F0;
					};
				};
			};
			buildConfigurationList = D5777AD42CD0830100A6D8F0 /* Build configuration list for PBXProject "EcoExplorer" */;
			developmentRegion = en;
			hasScannedForEncodings = 0;
			knownRegions = (
				en,
				Base,
			);
			mainGroup = D5777AD02CD0830100A6D8F0;
			minimizedProjectReferenceProxies = 1;
			preferredProjectObjectVersion = 77;
			productRefGroup = D5777ADA2CD0830100A6D8F0 /* Products */;
			projectDirPath = "";
			projectRoot = "";
			targets = (
				D5777AD82CD0830100A6D8F0 /* EcoExplorer */,
				D5777AE82CD0830300A6D8F0 /* EcoExplorerTests */,
				D5777AF22CD0830300A6D8F0 /* EcoExplorerUITests */,
			);
		};
/* End PBXProject section */

/* Begin PBXResourcesBuildPhase section */
		D5777AD72CD0830100A6D8F0 /* Resources */ = {
			isa = PBXResourcesBuildPhase;
			buildActionMask = 2147483647;
			files = (
			);
			runOnlyForDeploymentPostprocessing = 0;
		};
		D5777AE72CD0830300A6D8F0 /* Resources */ = {
			isa = PBXResourcesBuildPhase;
			buildActionMask = 2147483647;
			files = (
			);
			runOnlyForDeploymentPostprocessing = 0;
		};
		D5777AF12CD0830300A6D8F0 /* Resources */ = {
			isa = PBXResourcesBuildPhase;
			buildActionMask = 2147483647;
			files = (
			);
			runOnlyForDeploymentPostprocessing = 0;
		};
/* End PBXResourcesBuildPhase section */

/* Begin PBXSourcesBuildPhase section */
		D5777AD52CD0830100A6D8F0 /* Sources */ = {
			isa = PBXSourcesBuildPhase;
			buildActionMask = 2147483647;
			files = (
			);
			runOnlyForDeploymentPostprocessing = 0;
		};
		D5777AE52CD0830300A6D8F0 /* Sources */ = {
			isa = PBXSourcesBuildPhase;
			buildActionMask = 2147483647;
			files = (
			);
			runOnlyForDeploymentPostprocessing = 0;
		};
		D5777AEF2CD0830300A6D8F0 /* Sources */ = {
			isa = PBXSourcesBuildPhase;
			buildActionMask = 2147483647;
			files = (
			);
			runOnlyForDeploymentPostprocessing = 0;
		};
/* End PBXSourcesBuildPhase section */

/* Begin PBXTargetDependency section */
		D5777AEB2CD0830300A6D8F0 /* PBXTargetDependency */ = {
			isa = PBXTargetDependency;
			target = D5777AD82CD0830100A6D8F0 /* EcoExplorer */;
			targetProxy = D5777AEA2CD0830300A6D8F0 /* PBXContainerItemProxy */;
		};
		D5777AF52CD0830300A6D8F0 /* PBXTargetDependency */ = {
			isa = PBXTargetDependency;
			target = D5777AD82CD0830100A6D8F0 /* EcoExplorer */;
			targetProxy = D5777AF42CD0830300A6D8F0 /* PBXContainerItemProxy */;
		};
/* End PBXTargetDependency section */

/* Begin XCBuildConfiguration section */
		D5777AFB2CD0830300A6D8F0 /* Debug */ = {
			isa = XCBuildConfiguration;
			buildSettings = {
				ALWAYS_SEARCH_USER_PATHS = NO;
				ASSETCATALOG_COMPILER_GENERATE_SWIFT_ASSET_SYMBOL_EXTENSIONS = YES;
				CLANG_ANALYZER_NONNULL = YES;
				CLANG_ANALYZER_NUMBER_OBJECT_CONVERSION = YES_AGGRESSIVE;
				CLANG_CXX_LANGUAGE_STANDARD = "gnu++20";
				CLANG_ENABLE_MODULES = YES;
				CLANG_ENABLE_OBJC_ARC = YES;
				CLANG_ENABLE_OBJC_WEAK = YES;
				CLANG_WARN_BLOCK_CAPTURE_AUTORELEASING = YES;
				CLANG_WARN_BOOL_CONVERSION = YES;
				CLANG_WARN_COMMA = YES;
				CLANG_WARN_CONSTANT_CONVERSION = YES;
				CLANG_WARN_DEPRECATED_OBJC_IMPLEMENTATIONS = YES;
				CLANG_WARN_DIRECT_OBJC_ISA_USAGE = YES_ERROR;
				CLANG_WARN_DOCUMENTATION_COMMENTS = YES;
				CLANG_WARN_EMPTY_BODY = YES;
				CLANG_WARN_ENUM_CONVERSION = YES;
				CLANG_WARN_INFINITE_RECURSION = YES;
				CLANG_WARN_INT_CONVERSION = YES;
				CLANG_WARN_NON_LITERAL_NULL_CONVERSION = YES;
				CLANG_WARN_OBJC_IMPLICIT_RETAIN_SELF = YES;
				CLANG_WARN_OBJC_LITERAL_CONVERSION = YES;
				CLANG_WARN_OBJC_ROOT_CLASS = YES_ERROR;
				CLANG_WARN_QUOTED_INCLUDE_IN_FRAMEWORK_HEADER = YES;
				CLANG_WARN_RANGE_LOOP_ANALYSIS = YES;
				CLANG_WARN_STRICT_PROTOTYPES = YES;
				CLANG_WARN_SUSPICIOUS_MOVE = YES;
				CLANG_WARN_UNGUARDED_AVAILABILITY = YES_AGGRESSIVE;
				CLANG_WARN_UNREACHABLE_CODE = YES;
				CLANG_WARN__DUPLICATE_METHOD_MATCH = YES;
				COPY_PHASE_STRIP = NO;
				DEBUG_INFORMATION_FORMAT = dwarf;
				ENABLE_STRICT_OBJC_MSGSEND = YES;
				ENABLE_TESTABILITY = YES;
				ENABLE_USER_SCRIPT_SANDBOXING = YES;
				GCC_C_LANGUAGE_STANDARD = gnu17;
				GCC_DYNAMIC_NO_PIC = NO;
				GCC_NO_COMMON_BLOCKS = YES;
				GCC_OPTIMIZATION_LEVEL = 0;
				GCC_PREPROCESSOR_DEFINITIONS = (
					"DEBUG=1",
					"$(inherited)",
				);
				GCC_WARN_64_TO_32_BIT_CONVERSION = YES;
				GCC_WARN_ABOUT_RETURN_TYPE = YES_ERROR;
				GCC_WARN_UNDECLARED_SELECTOR = YES;
				GCC_WARN_UNINITIALIZED_AUTOS = YES_AGGRESSIVE;
				GCC_WARN_UNUSED_FUNCTION = YES;
				GCC_WARN_UNUSED_VARIABLE = YES;
				IPHONEOS_DEPLOYMENT_TARGET = 18.0;
				LOCALIZATION_PREFERS_STRING_CATALOGS = YES;
				MTL_ENABLE_DEBUG_INFO = INCLUDE_SOURCE;
				MTL_FAST_MATH = YES;
				ONLY_ACTIVE_ARCH = YES;
				SDKROOT = iphoneos;
				SWIFT_ACTIVE_COMPILATION_CONDITIONS = "DEBUG $(inherited)";
				SWIFT_OPTIMIZATION_LEVEL = "-Onone";
			};
			name = Debug;
		};
		D5777AFC2CD0830300A6D8F0 /* Release */ = {
			isa = XCBuildConfiguration;
			buildSettings = {
				ALWAYS_SEARCH_USER_PATHS = NO;
				ASSETCATALOG_COMPILER_GENERATE_SWIFT_ASSET_SYMBOL_EXTENSIONS = YES;
				CLANG_ANALYZER_NONNULL = YES;
				CLANG_ANALYZER_NUMBER_OBJECT_CONVERSION = YES_AGGRESSIVE;
				CLANG_CXX_LANGUAGE_STANDARD = "gnu++20";
				CLANG_ENABLE_MODULES = YES;
				CLANG_ENABLE_OBJC_ARC = YES;
				CLANG_ENABLE_OBJC_WEAK = YES;
				CLANG_WARN_BLOCK_CAPTURE_AUTORELEASING = YES;
				CLANG_WARN_BOOL_CONVERSION = YES;
				CLANG_WARN_COMMA = YES;
				CLANG_WARN_CONSTANT_CONVERSION = YES;
				CLANG_WARN_DEPRECATED_OBJC_IMPLEMENTATIONS = YES;
				CLANG_WARN_DIRECT_OBJC_ISA_USAGE = YES_ERROR;
				CLANG_WARN_DOCUMENTATION_COMMENTS = YES;
				CLANG_WARN_EMPTY_BODY = YES;
				CLANG_WARN_ENUM_CONVERSION = YES;
				CLANG_WARN_INFINITE_RECURSION = YES;
				CLANG_WARN_INT_CONVERSION = YES;
				CLANG_WARN_NON_LITERAL_NULL_CONVERSION = YES;
				CLANG_WARN_OBJC_IMPLICIT_RETAIN_SELF = YES;
				CLANG_WARN_OBJC_LITERAL_CONVERSION = YES;
				CLANG_WARN_OBJC_ROOT_CLASS = YES_ERROR;
				CLANG_WARN_QUOTED_INCLUDE_IN_FRAMEWORK_HEADER = YES;
				CLANG_WARN_RANGE_LOOP_ANALYSIS = YES;
				CLANG_WARN_STRICT_PROTOTYPES = YES;
				CLANG_WARN_SUSPICIOUS_MOVE = YES;
				CLANG_WARN_UNGUARDED_AVAILABILITY = YES_AGGRESSIVE;
				CLANG_WARN_UNREACHABLE_CODE = YES;
				CLANG_WARN__DUPLICATE_METHOD_MATCH = YES;
				COPY_PHASE_STRIP = NO;
				DEBUG_INFORMATION_FORMAT = "dwarf-with-dsym";
				ENABLE_NS_ASSERTIONS = NO;
				ENABLE_STRICT_OBJC_MSGSEND = YES;
				ENABLE_USER_SCRIPT_SANDBOXING = YES;
				GCC_C_LANGUAGE_STANDARD = gnu17;
				GCC_NO_COMMON_BLOCKS = YES;
				GCC_WARN_64_TO_32_BIT_CONVERSION = YES;
				GCC_WARN_ABOUT_RETURN_TYPE = YES_ERROR;
				GCC_WARN_UNDECLARED_SELECTOR = YES;
				GCC_WARN_UNINITIALIZED_AUTOS = YES_AGGRESSIVE;
				GCC_WARN_UNUSED_FUNCTION = YES;
				GCC_WARN_UNUSED_VARIABLE = YES;
				IPHONEOS_DEPLOYMENT_TARGET = 18.0;
				LOCALIZATION_PREFERS_STRING_CATALOGS = YES;
				MTL_ENABLE_DEBUG_INFO = NO;
				MTL_FAST_MATH = YES;
				SDKROOT = iphoneos;
				SWIFT_COMPILATION_MODE = wholemodule;
				VALIDATE_PRODUCT = YES;
			};
			name = Release;
		};
		D5777AFE2CD0830300A6D8F0 /* Debug */ = {
			isa = XCBuildConfiguration;
			buildSettings = {
				ASSETCATALOG_COMPILER_APPICON_NAME = AppIcon;
				ASSETCATALOG_COMPILER_GLOBAL_ACCENT_COLOR_NAME = AccentColor;
				CODE_SIGN_STYLE = Automatic;
				CURRENT_PROJECT_VERSION = 1;
				DEVELOPMENT_ASSET_PATHS = "\"EcoExplorer/Preview Content\"";
				ENABLE_PREVIEWS = YES;
				GENERATE_INFOPLIST_FILE = YES;
				INFOPLIST_KEY_UIApplicationSceneManifest_Generation = YES;
				INFOPLIST_KEY_UIApplicationSupportsIndirectInputEvents = YES;
				INFOPLIST_KEY_UILaunchScreen_Generation = YES;
				INFOPLIST_KEY_UISupportedInterfaceOrientations_iPad = "UIInterfaceOrientationPortrait UIInterfaceOrientationPortraitUpsideDown UIInterfaceOrientationLandscapeLeft UIInterfaceOrientationLandscapeRight";
				INFOPLIST_KEY_UISupportedInterfaceOrientations_iPhone = "UIInterfaceOrientationPortrait UIInterfaceOrientationLandscapeLeft UIInterfaceOrientationLandscapeRight";
				LD_RUNPATH_SEARCH_PATHS = (
					"$(inherited)",
					"@executable_path/Frameworks",
				);
				MARKETING_VERSION = 1.0;
				PRODUCT_BUNDLE_IDENTIFIER = com.mercuryatom.EcoExplorer;
				PRODUCT_NAME = "$(TARGET_NAME)";
				SWIFT_EMIT_LOC_STRINGS = YES;
				SWIFT_VERSION = 5.0;
				TARGETED_DEVICE_FAMILY = "1,2";
			};
			name = Debug;
		};
		D5777AFF2CD0830300A6D8F0 /* Release */ = {
			isa = XCBuildConfiguration;
			buildSettings = {
				ASSETCATALOG_COMPILER_APPICON_NAME = AppIcon;
				ASSETCATALOG_COMPILER_GLOBAL_ACCENT_COLOR_NAME = AccentColor;
				CODE_SIGN_STYLE = Automatic;
				CURRENT_PROJECT_VERSION = 1;
				DEVELOPMENT_ASSET_PATHS = "\"EcoExplorer/Preview Content\"";
				ENABLE_PREVIEWS = YES;
				GENERATE_INFOPLIST_FILE = YES;
				INFOPLIST_KEY_UIApplicationSceneManifest_Generation = YES;
				INFOPLIST_KEY_UIApplicationSupportsIndirectInputEvents = YES;
				INFOPLIST_KEY_UILaunchScreen_Generation = YES;
				INFOPLIST_KEY_UISupportedInterfaceOrientations_iPad = "UIInterfaceOrientationPortrait UIInterfaceOrientationPortraitUpsideDown UIInterfaceOrientationLandscapeLeft UIInterfaceOrientationLandscapeRight";
				INFOPLIST_KEY_UISupportedInterfaceOrientations_iPhone = "UIInterfaceOrientationPortrait UIInterfaceOrientationLandscapeLeft UIInterfaceOrientationLandscapeRight";
				LD_RUNPATH_SEARCH_PATHS = (
					"$(inherited)",
					"@executable_path/Frameworks",
				);
				MARKETING_VERSION = 1.0;
				PRODUCT_BUNDLE_IDENTIFIER = com.mercuryatom.EcoExplorer;
				PRODUCT_NAME = "$(TARGET_NAME)";
				SWIFT_EMIT_LOC_STRINGS = YES;
				SWIFT_VERSION = 5.0;
				TARGETED_DEVICE_FAMILY = "1,2";
			};
			name = Release;
		};
		D5777B012CD0830300A6D8F0 /* Debug */ = {
			isa = XCBuildConfiguration;
			buildSettings = {
				BUNDLE_LOADER = "$(TEST_HOST)";
				CODE_SIGN_STYLE = Automatic;
				CURRENT_PROJECT_VERSION = 1;
				GENERATE_INFOPLIST_FILE = YES;
				IPHONEOS_DEPLOYMENT_TARGET = 18.0;
				MARKETING_VERSION = 1.0;
				PRODUCT_BUNDLE_IDENTIFIER = com.mercuryatom.EcoExplorerTests;
				PRODUCT_NAME = "$(TARGET_NAME)";
				SWIFT_EMIT_LOC_STRINGS = NO;
				SWIFT_VERSION = 5.0;
				TARGETED_DEVICE_FAMILY = "1,2";
				TEST_HOST = "$(BUILT_PRODUCTS_DIR)/EcoExplorer.app/$(BUNDLE_EXECUTABLE_FOLDER_PATH)/EcoExplorer";
			};
			name = Debug;
		};
		D5777B022CD0830300A6D8F0 /* Release */ = {
			isa = XCBuildConfiguration;
			buildSettings = {
				BUNDLE_LOADER = "$(TEST_HOST)";
				CODE_SIGN_STYLE = Automatic;
				CURRENT_PROJECT_VERSION = 1;
				GENERATE_INFOPLIST_FILE = YES;
				IPHONEOS_DEPLOYMENT_TARGET = 18.0;
				MARKETING_VERSION = 1.0;
				PRODUCT_BUNDLE_IDENTIFIER = com.mercuryatom.EcoExplorerTests;
				PRODUCT_NAME = "$(TARGET_NAME)";
				SWIFT_EMIT_LOC_STRINGS = NO;
				SWIFT_VERSION = 5.0;
				TARGETED_DEVICE_FAMILY = "1,2";
				TEST_HOST = "$(BUILT_PRODUCTS_DIR)/EcoExplorer.app/$(BUNDLE_EXECUTABLE_FOLDER_PATH)/EcoExplorer";
			};
			name = Release;
		};
		D5777B042CD0830300A6D8F0 /* Debug */ = {
			isa = XCBuildConfiguration;
			buildSettings = {
				CODE_SIGN_STYLE = Automatic;
				CURRENT_PROJECT_VERSION = 1;
				GENERATE_INFOPLIST_FILE = YES;
				MARKETING_VERSION = 1.0;
				PRODUCT_BUNDLE_IDENTIFIER = com.mercuryatom.EcoExplorerUITests;
				PRODUCT_NAME = "$(TARGET_NAME)";
				SWIFT_EMIT_LOC_STRINGS = NO;
				SWIFT_VERSION = 5.0;
				TARGETED_DEVICE_FAMILY = "1,2";
				TEST_TARGET_NAME = EcoExplorer;
			};
			name = Debug;
		};
		D5777B052CD0830300A6D8F0 /* Release */ = {
			isa = XCBuildConfiguration;
			buildSettings = {
				CODE_SIGN_STYLE = Automatic;
				CURRENT_PROJECT_VERSION = 1;
				GENERATE_INFOPLIST_FILE = YES;
				MARKETING_VERSION = 1.0;
				PRODUCT_BUNDLE_IDENTIFIER = com.mercuryatom.EcoExplorerUITests;
				PRODUCT_NAME = "$(TARGET_NAME)";
				SWIFT_EMIT_LOC_STRINGS = NO;
				SWIFT_VERSION = 5.0;
				TARGETED_DEVICE_FAMILY = "1,2";
				TEST_TARGET_NAME = EcoExplorer;
			};
			name = Release;
		};
/* End XCBuildConfiguration section */

/* Begin XCConfigurationList section */
		D5777AD42CD0830100A6D8F0 /* Build configuration list for PBXProject "EcoExplorer" */ = {
			isa = XCConfigurationList;
			buildConfigurations = (
				D5777AFB2CD0830300A6D8F0 /* Debug */,
				D5777AFC2CD0830300A6D8F0 /* Release */,
			);
			defaultConfigurationIsVisible = 0;
			defaultConfigurationName = Release;
		};
		D5777AFD2CD0830300A6D8F0 /* Build configuration list for PBXNativeTarget "EcoExplorer" */ = {
			isa = XCConfigurationList;
			buildConfigurations = (
				D5777AFE2CD0830300A6D8F0 /* Debug */,
				D5777AFF2CD0830300A6D8F0 /* Release */,
			);
			defaultConfigurationIsVisible = 0;
			defaultConfigurationName = Release;
		};
		D5777B002CD0830300A6D8F0 /* Build configuration list for PBXNativeTarget "EcoExplorerTests" */ = {
			isa = XCConfigurationList;
			buildConfigurations = (
				D5777B012CD0830300A6D8F0 /* Debug */,
				D5777B022CD0830300A6D8F0 /* Release */,
			);
			defaultConfigurationIsVisible = 0;
			defaultConfigurationName = Release;
		};
		D5777B032CD0830300A6D8F0 /* Build configuration list for PBXNativeTarget "EcoExplorerUITests" */ = {
			isa = XCConfigurationList;
			buildConfigurations = (
				D5777B042CD0830300A6D8F0 /* Debug */,
				D5777B052CD0830300A6D8F0 /* Release */,
			);
			defaultConfigurationIsVisible = 0;
			defaultConfigurationName = Release;
		};
/* End XCConfigurationList section */
	};
	rootObject = D5777AD12CD0830100A6D8F0 /* Project object */;
}
